{
  "name": "book-to-skill",
  "version": "1.4.2",
  "lockfileVersion": 3,
  "requires": true,
  "packages": {
    "": {
      "name": "book-to-skill",
      "version": "1.4.2",
      "license": "MIT",
      "bin": {
        "book-to-skill": "bin/book-to-skill-skill.js",
        "book-to-skill-skill": "bin/book-to-skill-skill.js"
      },
      "engines": {
        "node": ">=18"
      }
    }
  }
}
